// !$*UTF8*$!
{
	archiveVersion = 1;
	classes = {
	};
	objectVersion = 46;
	objects = {

/* Begin PBXBuildFile section */
		C12CAF991D464F42002881A6 /* Endpoints.swift in Sources */ = {isa = PBXBuildFile; fileRef = C12CAF981D464F42002881A6 /* Endpoints.swift */; };
		C12CAF9D1D46507F002881A6 /* Resources.swift in Sources */ = {isa = PBXBuildFile; fileRef = C12CAF9C1D46507F002881A6 /* Resources.swift */; };
		C12CAF9F1D4656A5002881A6 /* ActivityTableViewController.swift in Sources */ = {isa = PBXBuildFile; fileRef = C12CAF9E1D4656A5002881A6 /* ActivityTableViewController.swift */; };
		C12CAFA11D466659002881A6 /* TableViewCell.swift in Sources */ = {isa = PBXBuildFile; fileRef = C12CAFA01D466659002881A6 /* TableViewCell.swift */; };
		C12CAFA31D46698B002881A6 /* Features.swift in Sources */ = {isa = PBXBuildFile; fileRef = C12CAFA21D46698B002881A6 /* Features.swift */; };
		C12CAFA51D4680FD002881A6 /* Feature.swift in Sources */ = {isa = PBXBuildFile; fileRef = C12CAFA41D4680FD002881A6 /* Feature.swift */; };
		C12CAFA71D46902D002881A6 /* ImageLoader.swift in Sources */ = {isa = PBXBuildFile; fileRef = C12CAFA61D46902D002881A6 /* ImageLoader.swift */; };
		C12CAFAA1D4698E3002881A6 /* UIImageOrientationFix.swift in Sources */ = {isa = PBXBuildFile; fileRef = C12CAFA91D4698E3002881A6 /* UIImageOrientationFix.swift */; };
		C15965861D5B9C59009099EF /* MGLPointAnnotationExtension.swift in Sources */ = {isa = PBXBuildFile; fileRef = C15965851D5B9C59009099EF /* MGLPointAnnotationExtension.swift */; };
		C17243D71D4FD3C2007ADD0E /* Mapbox.framework in Frameworks */ = {isa = PBXBuildFile; fileRef = C17243D61D4FD3C2007ADD0E /* Mapbox.framework */; };
		C17243D81D4FD3C2007ADD0E /* Mapbox.framework in Embed Frameworks */ = {isa = PBXBuildFile; fileRef = C17243D61D4FD3C2007ADD0E /* Mapbox.framework */; settings = {ATTRIBUTES = (CodeSignOnCopy, RemoveHeadersOnCopy, ); }; };
		C1AF41FC1D4FA60F00E7F7C5 /* ActivityMapViewController.swift in Sources */ = {isa = PBXBuildFile; fileRef = C1AF41FB1D4FA60F00E7F7C5 /* ActivityMapViewController.swift */; };
		C1C8267B1D4562FF00516871 /* AppDelegate.swift in Sources */ = {isa = PBXBuildFile; fileRef = C1C8267A1D4562FF00516871 /* AppDelegate.swift */; };
		C1C8267F1D4562FF00516871 /* SubmitViewController.swift in Sources */ = {isa = PBXBuildFile; fileRef = C1C8267E1D4562FF00516871 /* SubmitViewController.swift */; };
		C1C826821D4562FF00516871 /* Main.storyboard in Resources */ = {isa = PBXBuildFile; fileRef = C1C826801D4562FF00516871 /* Main.storyboard */; };
		C1C826841D4562FF00516871 /* Assets.xcassets in Resources */ = {isa = PBXBuildFile; fileRef = C1C826831D4562FF00516871 /* Assets.xcassets */; };
		C1C826871D4562FF00516871 /* LaunchScreen.storyboard in Resources */ = {isa = PBXBuildFile; fileRef = C1C826851D4562FF00516871 /* LaunchScreen.storyboard */; };
		C1C826921D4562FF00516871 /* WaterReporterTests.swift in Sources */ = {isa = PBXBuildFile; fileRef = C1C826911D4562FF00516871 /* WaterReporterTests.swift */; };
		C1C8269D1D4562FF00516871 /* WaterReporterUITests.swift in Sources */ = {isa = PBXBuildFile; fileRef = C1C8269C1D4562FF00516871 /* WaterReporterUITests.swift */; };
		C1C826AB1D4567CB00516871 /* ProfileViewController.swift in Sources */ = {isa = PBXBuildFile; fileRef = C1C826AA1D4567CB00516871 /* ProfileViewController.swift */; };
		DB6A1C777B474625213E2278 /* Pods_WaterReporter.framework in Frameworks */ = {isa = PBXBuildFile; fileRef = 9B363F7415415CA45EC9E61D /* Pods_WaterReporter.framework */; };
/* End PBXBuildFile section */

/* Begin PBXContainerItemProxy section */
		C1C8268E1D4562FF00516871 /* PBXContainerItemProxy */ = {
			isa = PBXContainerItemProxy;
			containerPortal = C1C8266F1D4562FF00516871 /* Project object */;
			proxyType = 1;
			remoteGlobalIDString = C1C826761D4562FF00516871;
			remoteInfo = WaterReporter;
		};
		C1C826991D4562FF00516871 /* PBXContainerItemProxy */ = {
			isa = PBXContainerItemProxy;
			containerPortal = C1C8266F1D4562FF00516871 /* Project object */;
			proxyType = 1;
			remoteGlobalIDString = C1C826761D4562FF00516871;
			remoteInfo = WaterReporter;
		};
/* End PBXContainerItemProxy section */

/* Begin PBXCopyFilesBuildPhase section */
		C17243D91D4FD3C2007ADD0E /* Embed Frameworks */ = {
			isa = PBXCopyFilesBuildPhase;
			buildActionMask = 2147483647;
			dstPath = "";
			dstSubfolderSpec = 10;
			files = (
				C17243D81D4FD3C2007ADD0E /* Mapbox.framework in Embed Frameworks */,
			);
			name = "Embed Frameworks";
			runOnlyForDeploymentPostprocessing = 0;
		};
/* End PBXCopyFilesBuildPhase section */

/* Begin PBXFileReference section */
		0C74856C1CF1F41E846FB7F0 /* Pods-WaterReporter.release.xcconfig */ = {isa = PBXFileReference; includeInIndex = 1; lastKnownFileType = text.xcconfig; name = "Pods-WaterReporter.release.xcconfig"; path = "Pods/Target Support Files/Pods-WaterReporter/Pods-WaterReporter.release.xcconfig"; sourceTree = "<group>"; };
		9B363F7415415CA45EC9E61D /* Pods_WaterReporter.framework */ = {isa = PBXFileReference; explicitFileType = wrapper.framework; includeInIndex = 0; path = Pods_WaterReporter.framework; sourceTree = BUILT_PRODUCTS_DIR; };
		C12CAF981D464F42002881A6 /* Endpoints.swift */ = {isa = PBXFileReference; fileEncoding = 4; lastKnownFileType = sourcecode.swift; path = Endpoints.swift; sourceTree = "<group>"; };
		C12CAF9C1D46507F002881A6 /* Resources.swift */ = {isa = PBXFileReference; fileEncoding = 4; lastKnownFileType = sourcecode.swift; path = Resources.swift; sourceTree = "<group>"; };
		C12CAF9E1D4656A5002881A6 /* ActivityTableViewController.swift */ = {isa = PBXFileReference; fileEncoding = 4; lastKnownFileType = sourcecode.swift; path = ActivityTableViewController.swift; sourceTree = "<group>"; };
		C12CAFA01D466659002881A6 /* TableViewCell.swift */ = {isa = PBXFileReference; fileEncoding = 4; lastKnownFileType = sourcecode.swift; path = TableViewCell.swift; sourceTree = "<group>"; };
		C12CAFA21D46698B002881A6 /* Features.swift */ = {isa = PBXFileReference; fileEncoding = 4; lastKnownFileType = sourcecode.swift; path = Features.swift; sourceTree = "<group>"; };
		C12CAFA41D4680FD002881A6 /* Feature.swift */ = {isa = PBXFileReference; fileEncoding = 4; lastKnownFileType = sourcecode.swift; path = Feature.swift; sourceTree = "<group>"; };
		C12CAFA61D46902D002881A6 /* ImageLoader.swift */ = {isa = PBXFileReference; fileEncoding = 4; lastKnownFileType = sourcecode.swift; path = ImageLoader.swift; sourceTree = "<group>"; };
		C12CAFA91D4698E3002881A6 /* UIImageOrientationFix.swift */ = {isa = PBXFileReference; fileEncoding = 4; lastKnownFileType = sourcecode.swift; path = UIImageOrientationFix.swift; sourceTree = "<group>"; };
		C15965851D5B9C59009099EF /* MGLPointAnnotationExtension.swift */ = {isa = PBXFileReference; fileEncoding = 4; lastKnownFileType = sourcecode.swift; path = MGLPointAnnotationExtension.swift; sourceTree = "<group>"; };
		C17243D61D4FD3C2007ADD0E /* Mapbox.framework */ = {isa = PBXFileReference; lastKnownFileType = wrapper.framework; path = Mapbox.framework; sourceTree = "<group>"; };
		C1AF41FB1D4FA60F00E7F7C5 /* ActivityMapViewController.swift */ = {isa = PBXFileReference; fileEncoding = 4; lastKnownFileType = sourcecode.swift; path = ActivityMapViewController.swift; sourceTree = "<group>"; };
		C1C826771D4562FF00516871 /* Water-Reporter.app */ = {isa = PBXFileReference; explicitFileType = wrapper.application; includeInIndex = 0; path = "Water-Reporter.app"; sourceTree = BUILT_PRODUCTS_DIR; };
		C1C8267A1D4562FF00516871 /* AppDelegate.swift */ = {isa = PBXFileReference; lastKnownFileType = sourcecode.swift; path = AppDelegate.swift; sourceTree = "<group>"; };
		C1C8267E1D4562FF00516871 /* SubmitViewController.swift */ = {isa = PBXFileReference; lastKnownFileType = sourcecode.swift; path = SubmitViewController.swift; sourceTree = "<group>"; };
		C1C826811D4562FF00516871 /* Base */ = {isa = PBXFileReference; lastKnownFileType = file.storyboard; name = Base; path = Base.lproj/Main.storyboard; sourceTree = "<group>"; };
		C1C826831D4562FF00516871 /* Assets.xcassets */ = {isa = PBXFileReference; lastKnownFileType = folder.assetcatalog; path = Assets.xcassets; sourceTree = "<group>"; };
		C1C826861D4562FF00516871 /* Base */ = {isa = PBXFileReference; lastKnownFileType = file.storyboard; name = Base; path = Base.lproj/LaunchScreen.storyboard; sourceTree = "<group>"; };
		C1C826881D4562FF00516871 /* Info.plist */ = {isa = PBXFileReference; lastKnownFileType = text.plist.xml; path = Info.plist; sourceTree = "<group>"; };
		C1C8268D1D4562FF00516871 /* Water-Reporter.xctest */ = {isa = PBXFileReference; explicitFileType = wrapper.cfbundle; includeInIndex = 0; path = "Water-Reporter.xctest"; sourceTree = BUILT_PRODUCTS_DIR; };
		C1C826911D4562FF00516871 /* WaterReporterTests.swift */ = {isa = PBXFileReference; lastKnownFileType = sourcecode.swift; path = WaterReporterTests.swift; sourceTree = "<group>"; };
		C1C826931D4562FF00516871 /* Info.plist */ = {isa = PBXFileReference; lastKnownFileType = text.plist.xml; path = Info.plist; sourceTree = "<group>"; };
		C1C826981D4562FF00516871 /* Water-Reporter.xctest */ = {isa = PBXFileReference; explicitFileType = wrapper.cfbundle; includeInIndex = 0; path = "Water-Reporter.xctest"; sourceTree = BUILT_PRODUCTS_DIR; };
		C1C8269C1D4562FF00516871 /* WaterReporterUITests.swift */ = {isa = PBXFileReference; lastKnownFileType = sourcecode.swift; path = WaterReporterUITests.swift; sourceTree = "<group>"; };
		C1C8269E1D4562FF00516871 /* Info.plist */ = {isa = PBXFileReference; lastKnownFileType = text.plist.xml; path = Info.plist; sourceTree = "<group>"; };
		C1C826AA1D4567CB00516871 /* ProfileViewController.swift */ = {isa = PBXFileReference; fileEncoding = 4; lastKnownFileType = sourcecode.swift; path = ProfileViewController.swift; sourceTree = "<group>"; };
		D8993E8D85322C529237865F /* Pods-WaterReporter.debug.xcconfig */ = {isa = PBXFileReference; includeInIndex = 1; lastKnownFileType = text.xcconfig; name = "Pods-WaterReporter.debug.xcconfig"; path = "Pods/Target Support Files/Pods-WaterReporter/Pods-WaterReporter.debug.xcconfig"; sourceTree = "<group>"; };
/* End PBXFileReference section */

/* Begin PBXFrameworksBuildPhase section */
		C1C826741D4562FF00516871 /* Frameworks */ = {
			isa = PBXFrameworksBuildPhase;
			buildActionMask = 2147483647;
			files = (
				DB6A1C777B474625213E2278 /* Pods_WaterReporter.framework in Frameworks */,
				C17243D71D4FD3C2007ADD0E /* Mapbox.framework in Frameworks */,
			);
			runOnlyForDeploymentPostprocessing = 0;
		};
		C1C8268A1D4562FF00516871 /* Frameworks */ = {
			isa = PBXFrameworksBuildPhase;
			buildActionMask = 2147483647;
			files = (
			);
			runOnlyForDeploymentPostprocessing = 0;
		};
		C1C826951D4562FF00516871 /* Frameworks */ = {
			isa = PBXFrameworksBuildPhase;
			buildActionMask = 2147483647;
			files = (
			);
			runOnlyForDeploymentPostprocessing = 0;
		};
/* End PBXFrameworksBuildPhase section */

/* Begin PBXGroup section */
		7FFE09B31E393B34E8706DDF /* Pods */ = {
			isa = PBXGroup;
			children = (
				D8993E8D85322C529237865F /* Pods-WaterReporter.debug.xcconfig */,
				0C74856C1CF1F41E846FB7F0 /* Pods-WaterReporter.release.xcconfig */,
			);
			name = Pods;
			sourceTree = "<group>";
		};
		8D47297EA2A5563E1BFF21AF /* Frameworks */ = {
			isa = PBXGroup;
			children = (
				9B363F7415415CA45EC9E61D /* Pods_WaterReporter.framework */,
			);
			name = Frameworks;
			sourceTree = "<group>";
		};
		C12CAF9A1D464FA8002881A6 /* _constants */ = {
			isa = PBXGroup;
			children = (
				C12CAF981D464F42002881A6 /* Endpoints.swift */,
				C12CAFA21D46698B002881A6 /* Features.swift */,
				C12CAFA41D4680FD002881A6 /* Feature.swift */,
			);
			name = _constants;
			sourceTree = "<group>";
		};
		C12CAF9B1D465064002881A6 /* _services */ = {
			isa = PBXGroup;
			children = (
				C12CAF9C1D46507F002881A6 /* Resources.swift */,
				C12CAFA01D466659002881A6 /* TableViewCell.swift */,
				C12CAFA61D46902D002881A6 /* ImageLoader.swift */,
				C15965851D5B9C59009099EF /* MGLPointAnnotationExtension.swift */,
			);
			name = _services;
			sourceTree = "<group>";
		};
		C12CAFA81D4698D1002881A6 /* _extensions */ = {
			isa = PBXGroup;
			children = (
				C12CAFA91D4698E3002881A6 /* UIImageOrientationFix.swift */,
			);
			name = _extensions;
			sourceTree = "<group>";
		};
		C1C8266E1D4562FF00516871 = {
			isa = PBXGroup;
			children = (
				C17243D61D4FD3C2007ADD0E /* Mapbox.framework */,
				C1C826791D4562FF00516871 /* WaterReporter */,
				C1C826901D4562FF00516871 /* WaterReporterTests */,
				C1C8269B1D4562FF00516871 /* WaterReporterUITests */,
				C1C826781D4562FF00516871 /* Products */,
				7FFE09B31E393B34E8706DDF /* Pods */,
				8D47297EA2A5563E1BFF21AF /* Frameworks */,
			);
			sourceTree = "<group>";
		};
		C1C826781D4562FF00516871 /* Products */ = {
			isa = PBXGroup;
			children = (
				C1C826771D4562FF00516871 /* Water-Reporter.app */,
				C1C8268D1D4562FF00516871 /* Water-Reporter.xctest */,
				C1C826981D4562FF00516871 /* Water-Reporter.xctest */,
			);
			name = Products;
			sourceTree = "<group>";
		};
		C1C826791D4562FF00516871 /* WaterReporter */ = {
			isa = PBXGroup;
			children = (
				C12CAFA81D4698D1002881A6 /* _extensions */,
				C12CAF9B1D465064002881A6 /* _services */,
				C12CAF9A1D464FA8002881A6 /* _constants */,
				C1C8267A1D4562FF00516871 /* AppDelegate.swift */,
				C1C8267E1D4562FF00516871 /* SubmitViewController.swift */,
				C1C826801D4562FF00516871 /* Main.storyboard */,
				C1AF41FB1D4FA60F00E7F7C5 /* ActivityMapViewController.swift */,
				C1C826831D4562FF00516871 /* Assets.xcassets */,
				C1C826851D4562FF00516871 /* LaunchScreen.storyboard */,
				C1C826881D4562FF00516871 /* Info.plist */,
				C1C826AA1D4567CB00516871 /* ProfileViewController.swift */,
				C12CAF9E1D4656A5002881A6 /* ActivityTableViewController.swift */,
			);
			path = WaterReporter;
			sourceTree = "<group>";
		};
		C1C826901D4562FF00516871 /* WaterReporterTests */ = {
			isa = PBXGroup;
			children = (
				C1C826911D4562FF00516871 /* WaterReporterTests.swift */,
				C1C826931D4562FF00516871 /* Info.plist */,
			);
			path = WaterReporterTests;
			sourceTree = "<group>";
		};
		C1C8269B1D4562FF00516871 /* WaterReporterUITests */ = {
			isa = PBXGroup;
			children = (
				C1C8269C1D4562FF00516871 /* WaterReporterUITests.swift */,
				C1C8269E1D4562FF00516871 /* Info.plist */,
			);
			path = WaterReporterUITests;
			sourceTree = "<group>";
		};
/* End PBXGroup section */

/* Begin PBXNativeTarget section */
		C1C826761D4562FF00516871 /* Water-Reporter */ = {
			isa = PBXNativeTarget;
			buildConfigurationList = C1C826A11D4562FF00516871 /* Build configuration list for PBXNativeTarget "Water-Reporter" */;
			buildPhases = (
				497EA64146C817055547E8A9 /* [CP] Check Pods Manifest.lock */,
				C1C826731D4562FF00516871 /* Sources */,
				C1C826741D4562FF00516871 /* Frameworks */,
				C1C826751D4562FF00516871 /* Resources */,
				5638007F391B3643A4028DE5 /* [CP] Embed Pods Frameworks */,
				4DD5DFA53F77A2AA5B49A492 /* [CP] Copy Pods Resources */,
				C17243D91D4FD3C2007ADD0E /* Embed Frameworks */,
				C17243DA1D4FD3D0007ADD0E /* ShellScript */,
			);
			buildRules = (
			);
			dependencies = (
			);
			name = "Water-Reporter";
			productName = WaterReporter;
			productReference = C1C826771D4562FF00516871 /* Water-Reporter.app */;
			productType = "com.apple.product-type.application";
		};
		C1C8268C1D4562FF00516871 /* Water-ReporterTests */ = {
			isa = PBXNativeTarget;
			buildConfigurationList = C1C826A41D4562FF00516871 /* Build configuration list for PBXNativeTarget "Water-ReporterTests" */;
			buildPhases = (
				C1C826891D4562FF00516871 /* Sources */,
				C1C8268A1D4562FF00516871 /* Frameworks */,
				C1C8268B1D4562FF00516871 /* Resources */,
			);
			buildRules = (
			);
			dependencies = (
				C1C8268F1D4562FF00516871 /* PBXTargetDependency */,
			);
			name = "Water-ReporterTests";
			productName = WaterReporterTests;
			productReference = C1C8268D1D4562FF00516871 /* Water-Reporter.xctest */;
			productType = "com.apple.product-type.bundle.unit-test";
		};
		C1C826971D4562FF00516871 /* Water-ReporterUITests */ = {
			isa = PBXNativeTarget;
			buildConfigurationList = C1C826A71D4562FF00516871 /* Build configuration list for PBXNativeTarget "Water-ReporterUITests" */;
			buildPhases = (
				C1C826941D4562FF00516871 /* Sources */,
				C1C826951D4562FF00516871 /* Frameworks */,
				C1C826961D4562FF00516871 /* Resources */,
			);
			buildRules = (
			);
			dependencies = (
				C1C8269A1D4562FF00516871 /* PBXTargetDependency */,
			);
			name = "Water-ReporterUITests";
			productName = WaterReporterUITests;
			productReference = C1C826981D4562FF00516871 /* Water-Reporter.xctest */;
			productType = "com.apple.product-type.bundle.ui-testing";
		};
/* End PBXNativeTarget section */

/* Begin PBXProject section */
		C1C8266F1D4562FF00516871 /* Project object */ = {
			isa = PBXProject;
			attributes = {
				LastSwiftUpdateCheck = 0730;
				LastUpgradeCheck = 0730;
				ORGANIZATIONNAME = "Viable Industries, L.L.C.";
				TargetAttributes = {
					C1C826761D4562FF00516871 = {
						CreatedOnToolsVersion = 7.3;
						DevelopmentTeam = T8H47R7JRG;
					};
					C1C8268C1D4562FF00516871 = {
						CreatedOnToolsVersion = 7.3;
						TestTargetID = C1C826761D4562FF00516871;
					};
					C1C826971D4562FF00516871 = {
						CreatedOnToolsVersion = 7.3;
						TestTargetID = C1C826761D4562FF00516871;
					};
				};
			};
			buildConfigurationList = C1C826721D4562FF00516871 /* Build configuration list for PBXProject "Water-Reporter" */;
			compatibilityVersion = "Xcode 3.2";
			developmentRegion = English;
			hasScannedForEncodings = 0;
			knownRegions = (
				en,
				Base,
			);
			mainGroup = C1C8266E1D4562FF00516871;
			productRefGroup = C1C826781D4562FF00516871 /* Products */;
			projectDirPath = "";
			projectRoot = "";
			targets = (
				C1C826761D4562FF00516871 /* Water-Reporter */,
				C1C8268C1D4562FF00516871 /* Water-ReporterTests */,
				C1C826971D4562FF00516871 /* Water-ReporterUITests */,
			);
		};
/* End PBXProject section */

/* Begin PBXResourcesBuildPhase section */
		C1C826751D4562FF00516871 /* Resources */ = {
			isa = PBXResourcesBuildPhase;
			buildActionMask = 2147483647;
			files = (
				C1C826871D4562FF00516871 /* LaunchScreen.storyboard in Resources */,
				C1C826841D4562FF00516871 /* Assets.xcassets in Resources */,
				C1C826821D4562FF00516871 /* Main.storyboard in Resources */,
			);
			runOnlyForDeploymentPostprocessing = 0;
		};
		C1C8268B1D4562FF00516871 /* Resources */ = {
			isa = PBXResourcesBuildPhase;
			buildActionMask = 2147483647;
			files = (
			);
			runOnlyForDeploymentPostprocessing = 0;
		};
		C1C826961D4562FF00516871 /* Resources */ = {
			isa = PBXResourcesBuildPhase;
			buildActionMask = 2147483647;
			files = (
			);
			runOnlyForDeploymentPostprocessing = 0;
		};
/* End PBXResourcesBuildPhase section */

/* Begin PBXShellScriptBuildPhase section */
		497EA64146C817055547E8A9 /* [CP] Check Pods Manifest.lock */ = {
			isa = PBXShellScriptBuildPhase;
			buildActionMask = 2147483647;
			files = (
			);
			inputPaths = (
			);
			name = "[CP] Check Pods Manifest.lock";
			outputPaths = (
			);
			runOnlyForDeploymentPostprocessing = 0;
			shellPath = /bin/sh;
			shellScript = "diff \"${PODS_ROOT}/../Podfile.lock\" \"${PODS_ROOT}/Manifest.lock\" > /dev/null\nif [[ $? != 0 ]] ; then\n    cat << EOM\nerror: The sandbox is not in sync with the Podfile.lock. Run 'pod install' or update your CocoaPods installation.\nEOM\n    exit 1\nfi\n";
			showEnvVarsInLog = 0;
		};
		4DD5DFA53F77A2AA5B49A492 /* [CP] Copy Pods Resources */ = {
			isa = PBXShellScriptBuildPhase;
			buildActionMask = 2147483647;
			files = (
			);
			inputPaths = (
			);
			name = "[CP] Copy Pods Resources";
			outputPaths = (
			);
			runOnlyForDeploymentPostprocessing = 0;
			shellPath = /bin/sh;
			shellScript = "\"${SRCROOT}/Pods/Target Support Files/Pods-WaterReporter/Pods-WaterReporter-resources.sh\"\n";
			showEnvVarsInLog = 0;
		};
		5638007F391B3643A4028DE5 /* [CP] Embed Pods Frameworks */ = {
			isa = PBXShellScriptBuildPhase;
			buildActionMask = 2147483647;
			files = (
			);
			inputPaths = (
			);
			name = "[CP] Embed Pods Frameworks";
			outputPaths = (
			);
			runOnlyForDeploymentPostprocessing = 0;
			shellPath = /bin/sh;
			shellScript = "\"${SRCROOT}/Pods/Target Support Files/Pods-WaterReporter/Pods-WaterReporter-frameworks.sh\"\n";
			showEnvVarsInLog = 0;
		};
		C17243DA1D4FD3D0007ADD0E /* ShellScript */ = {
			isa = PBXShellScriptBuildPhase;
			buildActionMask = 2147483647;
			files = (
			);
			inputPaths = (
			);
			outputPaths = (
			);
			runOnlyForDeploymentPostprocessing = 0;
			shellPath = /bin/sh;
			shellScript = "bash \"${BUILT_PRODUCTS_DIR}/${FRAMEWORKS_FOLDER_PATH}/Mapbox.framework/strip-frameworks.sh\"";
		};
/* End PBXShellScriptBuildPhase section */

/* Begin PBXSourcesBuildPhase section */
		C1C826731D4562FF00516871 /* Sources */ = {
			isa = PBXSourcesBuildPhase;
			buildActionMask = 2147483647;
			files = (
				C15965861D5B9C59009099EF /* MGLPointAnnotationExtension.swift in Sources */,
				C12CAFAA1D4698E3002881A6 /* UIImageOrientationFix.swift in Sources */,
				C12CAFA31D46698B002881A6 /* Features.swift in Sources */,
				C1C8267F1D4562FF00516871 /* SubmitViewController.swift in Sources */,
				C12CAFA71D46902D002881A6 /* ImageLoader.swift in Sources */,
				C1AF41FC1D4FA60F00E7F7C5 /* ActivityMapViewController.swift in Sources */,
				C1C8267B1D4562FF00516871 /* AppDelegate.swift in Sources */,
				C1C826AB1D4567CB00516871 /* ProfileViewController.swift in Sources */,
				C12CAF9D1D46507F002881A6 /* Resources.swift in Sources */,
				C12CAF9F1D4656A5002881A6 /* ActivityTableViewController.swift in Sources */,
				C12CAFA51D4680FD002881A6 /* Feature.swift in Sources */,
				C12CAFA11D466659002881A6 /* TableViewCell.swift in Sources */,
				C12CAF991D464F42002881A6 /* Endpoints.swift in Sources */,
			);
			runOnlyForDeploymentPostprocessing = 0;
		};
		C1C826891D4562FF00516871 /* Sources */ = {
			isa = PBXSourcesBuildPhase;
			buildActionMask = 2147483647;
			files = (
				C1C826921D4562FF00516871 /* WaterReporterTests.swift in Sources */,
			);
			runOnlyForDeploymentPostprocessing = 0;
		};
		C1C826941D4562FF00516871 /* Sources */ = {
			isa = PBXSourcesBuildPhase;
			buildActionMask = 2147483647;
			files = (
				C1C8269D1D4562FF00516871 /* WaterReporterUITests.swift in Sources */,
			);
			runOnlyForDeploymentPostprocessing = 0;
		};
/* End PBXSourcesBuildPhase section */

/* Begin PBXTargetDependency section */
		C1C8268F1D4562FF00516871 /* PBXTargetDependency */ = {
			isa = PBXTargetDependency;
			target = C1C826761D4562FF00516871 /* Water-Reporter */;
			targetProxy = C1C8268E1D4562FF00516871 /* PBXContainerItemProxy */;
		};
		C1C8269A1D4562FF00516871 /* PBXTargetDependency */ = {
			isa = PBXTargetDependency;
			target = C1C826761D4562FF00516871 /* Water-Reporter */;
			targetProxy = C1C826991D4562FF00516871 /* PBXContainerItemProxy */;
		};
/* End PBXTargetDependency section */

/* Begin PBXVariantGroup section */
		C1C826801D4562FF00516871 /* Main.storyboard */ = {
			isa = PBXVariantGroup;
			children = (
				C1C826811D4562FF00516871 /* Base */,
			);
			name = Main.storyboard;
			sourceTree = "<group>";
		};
		C1C826851D4562FF00516871 /* LaunchScreen.storyboard */ = {
			isa = PBXVariantGroup;
			children = (
				C1C826861D4562FF00516871 /* Base */,
			);
			name = LaunchScreen.storyboard;
			sourceTree = "<group>";
		};
/* End PBXVariantGroup section */

/* Begin XCBuildConfiguration section */
		C1C8269F1D4562FF00516871 /* Debug */ = {
			isa = XCBuildConfiguration;
			buildSettings = {
				ALWAYS_SEARCH_USER_PATHS = NO;
				CLANG_ANALYZER_NONNULL = YES;
				CLANG_CXX_LANGUAGE_STANDARD = "gnu++0x";
				CLANG_CXX_LIBRARY = "libc++";
				CLANG_ENABLE_MODULES = YES;
				CLANG_ENABLE_OBJC_ARC = YES;
				CLANG_WARN_BOOL_CONVERSION = YES;
				CLANG_WARN_CONSTANT_CONVERSION = YES;
				CLANG_WARN_DIRECT_OBJC_ISA_USAGE = YES_ERROR;
				CLANG_WARN_EMPTY_BODY = YES;
				CLANG_WARN_ENUM_CONVERSION = YES;
				CLANG_WARN_INT_CONVERSION = YES;
				CLANG_WARN_OBJC_ROOT_CLASS = YES_ERROR;
				CLANG_WARN_UNREACHABLE_CODE = YES;
				CLANG_WARN__DUPLICATE_METHOD_MATCH = YES;
				"CODE_SIGN_IDENTITY[sdk=iphoneos*]" = "iPhone Developer";
				COPY_PHASE_STRIP = NO;
				DEBUG_INFORMATION_FORMAT = dwarf;
				ENABLE_STRICT_OBJC_MSGSEND = YES;
				ENABLE_TESTABILITY = YES;
				GCC_C_LANGUAGE_STANDARD = gnu99;
				GCC_DYNAMIC_NO_PIC = NO;
				GCC_NO_COMMON_BLOCKS = YES;
				GCC_OPTIMIZATION_LEVEL = 0;
				GCC_PREPROCESSOR_DEFINITIONS = (
					"DEBUG=1",
					"$(inherited)",
				);
				GCC_WARN_64_TO_32_BIT_CONVERSION = YES;
				GCC_WARN_ABOUT_RETURN_TYPE = YES_ERROR;
				GCC_WARN_UNDECLARED_SELECTOR = YES;
				GCC_WARN_UNINITIALIZED_AUTOS = YES_AGGRESSIVE;
				GCC_WARN_UNUSED_FUNCTION = YES;
				GCC_WARN_UNUSED_VARIABLE = YES;
				IPHONEOS_DEPLOYMENT_TARGET = 9.3;
				MTL_ENABLE_DEBUG_INFO = YES;
				ONLY_ACTIVE_ARCH = YES;
				SDKROOT = iphoneos;
				SWIFT_OPTIMIZATION_LEVEL = "-Onone";
				TARGETED_DEVICE_FAMILY = "1,2";
			};
			name = Debug;
		};
		C1C826A01D4562FF00516871 /* Release */ = {
			isa = XCBuildConfiguration;
			buildSettings = {
				ALWAYS_SEARCH_USER_PATHS = NO;
				CLANG_ANALYZER_NONNULL = YES;
				CLANG_CXX_LANGUAGE_STANDARD = "gnu++0x";
				CLANG_CXX_LIBRARY = "libc++";
				CLANG_ENABLE_MODULES = YES;
				CLANG_ENABLE_OBJC_ARC = YES;
				CLANG_WARN_BOOL_CONVERSION = YES;
				CLANG_WARN_CONSTANT_CONVERSION = YES;
				CLANG_WARN_DIRECT_OBJC_ISA_USAGE = YES_ERROR;
				CLANG_WARN_EMPTY_BODY = YES;
				CLANG_WARN_ENUM_CONVERSION = YES;
				CLANG_WARN_INT_CONVERSION = YES;
				CLANG_WARN_OBJC_ROOT_CLASS = YES_ERROR;
				CLANG_WARN_UNREACHABLE_CODE = YES;
				CLANG_WARN__DUPLICATE_METHOD_MATCH = YES;
				"CODE_SIGN_IDENTITY[sdk=iphoneos*]" = "iPhone Developer";
				COPY_PHASE_STRIP = NO;
				DEBUG_INFORMATION_FORMAT = "dwarf-with-dsym";
				ENABLE_NS_ASSERTIONS = NO;
				ENABLE_STRICT_OBJC_MSGSEND = YES;
				GCC_C_LANGUAGE_STANDARD = gnu99;
				GCC_NO_COMMON_BLOCKS = YES;
				GCC_WARN_64_TO_32_BIT_CONVERSION = YES;
				GCC_WARN_ABOUT_RETURN_TYPE = YES_ERROR;
				GCC_WARN_UNDECLARED_SELECTOR = YES;
				GCC_WARN_UNINITIALIZED_AUTOS = YES_AGGRESSIVE;
				GCC_WARN_UNUSED_FUNCTION = YES;
				GCC_WARN_UNUSED_VARIABLE = YES;
				IPHONEOS_DEPLOYMENT_TARGET = 9.3;
				MTL_ENABLE_DEBUG_INFO = NO;
				SDKROOT = iphoneos;
				TARGETED_DEVICE_FAMILY = "1,2";
				VALIDATE_PRODUCT = YES;
			};
			name = Release;
		};
		C1C826A21D4562FF00516871 /* Debug */ = {
			isa = XCBuildConfiguration;
			baseConfigurationReference = D8993E8D85322C529237865F /* Pods-WaterReporter.debug.xcconfig */;
			buildSettings = {
				ASSETCATALOG_COMPILER_APPICON_NAME = AppIcon;
				CODE_SIGN_IDENTITY = "iPhone Developer";
				FRAMEWORK_SEARCH_PATHS = (
					"$(inherited)",
					"$(PROJECT_DIR)",
				);
				INFOPLIST_FILE = WaterReporter/Info.plist;
				IPHONEOS_DEPLOYMENT_TARGET = 8.0;
				LD_RUNPATH_SEARCH_PATHS = "$(inherited) @executable_path/Frameworks";
				PRODUCT_BUNDLE_IDENTIFIER = "io.viable.Water-Reporter";
				PRODUCT_NAME = "Water-Reporter";
			};
			name = Debug;
		};
		C1C826A31D4562FF00516871 /* Release */ = {
			isa = XCBuildConfiguration;
			baseConfigurationReference = 0C74856C1CF1F41E846FB7F0 /* Pods-WaterReporter.release.xcconfig */;
			buildSettings = {
				ASSETCATALOG_COMPILER_APPICON_NAME = AppIcon;
				CODE_SIGN_IDENTITY = "iPhone Developer";
				FRAMEWORK_SEARCH_PATHS = (
					"$(inherited)",
					"$(PROJECT_DIR)",
				);
				INFOPLIST_FILE = WaterReporter/Info.plist;
				IPHONEOS_DEPLOYMENT_TARGET = 8.0;
				LD_RUNPATH_SEARCH_PATHS = "$(inherited) @executable_path/Frameworks";
				PRODUCT_BUNDLE_IDENTIFIER = "io.viable.Water-Reporter";
				PRODUCT_NAME = "Water-Reporter";
			};
			name = Release;
		};
		C1C826A51D4562FF00516871 /* Debug */ = {
			isa = XCBuildConfiguration;
			buildSettings = {
				BUNDLE_LOADER = "$(TEST_HOST)";
				INFOPLIST_FILE = WaterReporterTests/Info.plist;
				LD_RUNPATH_SEARCH_PATHS = "$(inherited) @executable_path/Frameworks @loader_path/Frameworks";
				PRODUCT_BUNDLE_IDENTIFIER = com.viableindustries.WaterReporterTests;
				PRODUCT_NAME = "Water-Reporter";
				TEST_HOST = "$(BUILT_PRODUCTS_DIR)/Water-Reporter.app/Water-Reporter";
			};
			name = Debug;
		};
		C1C826A61D4562FF00516871 /* Release */ = {
			isa = XCBuildConfiguration;
			buildSettings = {
				BUNDLE_LOADER = "$(TEST_HOST)";
				INFOPLIST_FILE = WaterReporterTests/Info.plist;
				LD_RUNPATH_SEARCH_PATHS = "$(inherited) @executable_path/Frameworks @loader_path/Frameworks";
				PRODUCT_BUNDLE_IDENTIFIER = com.viableindustries.WaterReporterTests;
				PRODUCT_NAME = "Water-Reporter";
				TEST_HOST = "$(BUILT_PRODUCTS_DIR)/Water-Reporter.app/Water-Reporter";
			};
			name = Release;
		};
		C1C826A81D4562FF00516871 /* Debug */ = {
			isa = XCBuildConfiguration;
			buildSettings = {
				INFOPLIST_FILE = WaterReporterUITests/Info.plist;
				LD_RUNPATH_SEARCH_PATHS = "$(inherited) @executable_path/Frameworks @loader_path/Frameworks";
				PRODUCT_BUNDLE_IDENTIFIER = com.viableindustries.WaterReporterUITests;
				PRODUCT_NAME = "Water-Reporter";
				TEST_TARGET_NAME = WaterReporter;
			};
			name = Debug;
		};
		C1C826A91D4562FF00516871 /* Release */ = {
			isa = XCBuildConfiguration;
			buildSettings = {
				INFOPLIST_FILE = WaterReporterUITests/Info.plist;
				LD_RUNPATH_SEARCH_PATHS = "$(inherited) @executable_path/Frameworks @loader_path/Frameworks";
				PRODUCT_BUNDLE_IDENTIFIER = com.viableindustries.WaterReporterUITests;
				PRODUCT_NAME = "Water-Reporter";
				TEST_TARGET_NAME = WaterReporter;
			};
			name = Release;
		};
/* End XCBuildConfiguration section */

/* Begin XCConfigurationList section */
		C1C826721D4562FF00516871 /* Build configuration list for PBXProject "Water-Reporter" */ = {
			isa = XCConfigurationList;
			buildConfigurations = (
				C1C8269F1D4562FF00516871 /* Debug */,
				C1C826A01D4562FF00516871 /* Release */,
			);
			defaultConfigurationIsVisible = 0;
			defaultConfigurationName = Release;
		};
		C1C826A11D4562FF00516871 /* Build configuration list for PBXNativeTarget "Water-Reporter" */ = {
			isa = XCConfigurationList;
			buildConfigurations = (
				C1C826A21D4562FF00516871 /* Debug */,
				C1C826A31D4562FF00516871 /* Release */,
			);
			defaultConfigurationIsVisible = 0;
			defaultConfigurationName = Release;
		};
		C1C826A41D4562FF00516871 /* Build configuration list for PBXNativeTarget "Water-ReporterTests" */ = {
			isa = XCConfigurationList;
			buildConfigurations = (
				C1C826A51D4562FF00516871 /* Debug */,
				C1C826A61D4562FF00516871 /* Release */,
			);
			defaultConfigurationIsVisible = 0;
			defaultConfigurationName = Release;
		};
		C1C826A71D4562FF00516871 /* Build configuration list for PBXNativeTarget "Water-ReporterUITests" */ = {
			isa = XCConfigurationList;
			buildConfigurations = (
				C1C826A81D4562FF00516871 /* Debug */,
				C1C826A91D4562FF00516871 /* Release */,
			);
			defaultConfigurationIsVisible = 0;
			defaultConfigurationName = Release;
		};
/* End XCConfigurationList section */
	};
	rootObject = C1C8266F1D4562FF00516871 /* Project object */;
}
